{
  "name": "wot-pgproc",
  "version": "1.0.0",
  "lockfileVersion": 1,
  "requires": true,
  "dependencies": {
    "buffer-writer": {
      "version": "1.0.0",
      "resolved": "https://npm.wot.io/buffer-writer/-/buffer-writer-1.0.0.tgz",
      "integrity": "sha1-bCnDst6gyeRVofJhoZmkigT4iwg="
    },
    "generic-pool": {
      "version": "2.1.1",
      "resolved": "https://npm.wot.io/generic-pool/-/generic-pool-2.1.1.tgz",
      "integrity": "sha1-rwTcLDJc/Ll1Aj+lK/zpYXp0Nf0="
    },
    "nan": {
      "version": "1.3.0",
      "resolved": "https://npm.wot.io/nan/-/nan-1.3.0.tgz",
      "integrity": "sha1-mluNXvl6EN8wUOWbLDYtO693l0I="
    },
    "packet-reader": {
      "version": "0.2.0",
      "resolved": "https://npm.wot.io/packet-reader/-/packet-reader-0.2.0.tgz",
      "integrity": "sha1-gZ300BC4LV6lZx+KGjrPA5vNdwA="
    },
    "pg": {
      "version": "4.0.0",
      "resolved": "https://npm.wot.io/pg/-/pg-4.0.0.tgz",
      "integrity": "sha1-QiE7gOb+/8RloWbn1uCQIPf6dMQ=",
      "requires": {
        "buffer-writer": "1.0.0",
        "generic-pool": "2.1.1",
        "nan": "1.3.0",
        "packet-reader": "0.2.0",
        "pg-connection-string": "0.1.3",
        "pg-types": "1.6.0",
        "pgpass": "0.0.3",
        "semver": "4.3.6"
      }
    },
    "pg-connection-string": {
      "version": "0.1.3",
      "resolved": "https://npm.wot.io/pg-connection-string/-/pg-connection-string-0.1.3.tgz",
      "integrity": "sha1-2hhHsglA5C7hSSvq9l1J2RskXfc="
    },
    "pg-types": {
      "version": "1.6.0",
      "resolved": "https://npm.wot.io/pg-types/-/pg-types-1.6.0.tgz",
      "integrity": "sha1-OHKg8ZkUMCVJf07ipl/a8A1+qLM="
    },
    "pgpass": {
      "version": "0.0.3",
      "resolved": "https://npm.wot.io/pgpass/-/pgpass-0.0.3.tgz",
      "integrity": "sha1-EuZ+NDsxicLzEgbrycwL7//PkUA=",
      "requires": {
        "split": "0.3.3"
      }
    },
    "semver": {
      "version": "4.3.6",
      "resolved": "https://npm.wot.io/semver/-/semver-4.3.6.tgz",
      "integrity": "sha1-MAvG4OhjdPe6YQaLWx7NV/xlMto="
    },
    "split": {
      "version": "0.3.3",
      "resolved": "https://npm.wot.io/split/-/split-0.3.3.tgz",
      "integrity": "sha1-zQ7qXmOiEd//frDwkcQTPi0N0o8=",
      "requires": {
        "through": "2.3.8"
      }
    },
    "through": {
      "version": "2.3.8",
      "resolved": "https://npm.wot.io/through/-/through-2.3.8.tgz",
      "integrity": "sha1-DdTJ/6q8NXlgsbckEV1+Doai4fU="
    }
  }
}
